
Microsoft Visual Studio Solution File, Format Version 12.00
# Visual Studio 15
VisualStudioVersion = 15.0.27130.2026
MinimumVisualStudioVersion = 10.0.40219.1
Project("{8BC9CEB8-8B4A-11D0-8D11-00A0C91BC942}") = "Template matching", "Template matching\Template matching.vcxproj", "{A2CB1173-6E32-489A-802D-409820915A26}"
EndProject
Global
	GlobalSection(SolutionConfigurationPlatforms) = preSolution
		Debug|x64 = Debug|x64
		Debug|x86 = Debug|x86
		Release|x64 = Release|x64
		Release|x86 = Release|x86
	EndGlobalSection
	GlobalSection(ProjectConfigurationPlatforms) = postSolution
		{A2CB1173-6E32-489A-802D-409820915A26}.Debug|x64.ActiveCfg = Debug|x64
		{A2CB1173-6E32-489A-802D-409820915A26}.Debug|x64.Build.0 = Debug|x64
		{A2CB1173-6E32-489A-802D-409820915A26}.Debug|x86.ActiveCfg = Debug|Win32
		{A2CB1173-6E32-489A-802D-409820915A26}.Debug|x86.Build.0 = Debug|Win32
		{A2CB1173-6E32-489A-802D-409820915A26}.Release|x64.ActiveCfg = Release|x64
		{A2CB1173-6E32-489A-802D-409820915A26}.Release|x64.Build.0 = Release|x64
		{A2CB1173-6E32-489A-802D-409820915A26}.Release|x86.ActiveCfg = Release|Win32
		{A2CB1173-6E32-489A-802D-409820915A26}.Release|x86.Build.0 = Release|Win32
	EndGlobalSection
	GlobalSection(SolutionProperties) = preSolution
		HideSolutionNode = FALSE
	EndGlobalSection
	GlobalSection(ExtensibilityGlobals) = postSolution
		SolutionGuid = {EEB8DAC0-473F-44A4-9647-D7D2A2A4C16E}
	EndGlobalSection
EndGlobal
